
Microsoft Visual Studio Solution File, Format Version 12.00
# Visual Studio Version 17
VisualStudioVersion = 17.5.33424.131
MinimumVisualStudioVersion = 10.0.40219.1
Project("{FAE04EC0-301F-11D3-BF4B-00C04F79EFBC}") = "HotelListing.API", "HotelListing.API\HotelListing.API.csproj", "{C9D1DB6D-2C62-417C-8254-9224F07A1323}"
EndProject
Project("{FAE04EC0-301F-11D3-BF4B-00C04F79EFBC}") = "HotelListingMinimalAPI", "HotelListingMinimalAPI\HotelListingMinimalAPI.csproj", "{36A84A9B-9CEB-43C3-835C-70398F2AB884}"
EndProject
Global
	GlobalSection(SolutionConfigurationPlatforms) = preSolution
		Debug|Any CPU = Debug|Any CPU
		Release|Any CPU = Release|Any CPU
	EndGlobalSection
	GlobalSection(ProjectConfigurationPlatforms) = postSolution
		{C9D1DB6D-2C62-417C-8254-9224F07A1323}.Debug|Any CPU.ActiveCfg = Debug|Any CPU
		{C9D1DB6D-2C62-417C-8254-9224F07A1323}.Debug|Any CPU.Build.0 = Debug|Any CPU
		{C9D1DB6D-2C62-417C-8254-9224F07A1323}.Release|Any CPU.ActiveCfg = Release|Any CPU
		{C9D1DB6D-2C62-417C-8254-9224F07A1323}.Release|Any CPU.Build.0 = Release|Any CPU
		{36A84A9B-9CEB-43C3-835C-70398F2AB884}.Debug|Any CPU.ActiveCfg = Debug|Any CPU
		{36A84A9B-9CEB-43C3-835C-70398F2AB884}.Debug|Any CPU.Build.0 = Debug|Any CPU
		{36A84A9B-9CEB-43C3-835C-70398F2AB884}.Release|Any CPU.ActiveCfg = Release|Any CPU
		{36A84A9B-9CEB-43C3-835C-70398F2AB884}.Release|Any CPU.Build.0 = Release|Any CPU
	EndGlobalSection
	GlobalSection(SolutionProperties) = preSolution
		HideSolutionNode = FALSE
	EndGlobalSection
	GlobalSection(ExtensibilityGlobals) = postSolution
		SolutionGuid = {D65A3D3D-FDAC-4C17-B3DC-C53501228009}
	EndGlobalSection
EndGlobal
